
Microsoft Visual Studio Solution File, Format Version 12.00
# Visual Studio 15
VisualStudioVersion = 15.0.27428.2037
MinimumVisualStudioVersion = 10.0.40219.1
Project("{FAE04EC0-301F-11D3-BF4B-00C04F79EFBC}") = "WebApplicationGit", "WebApplicationGit\WebApplicationGit.csproj", "{3AAE7A7F-D1C8-458B-AC1D-D979B2429C8E}"
EndProject
Global
	GlobalSection(SolutionConfigurationPlatforms) = preSolution
		Debug|Any CPU = Debug|Any CPU
		Release|Any CPU = Release|Any CPU
	EndGlobalSection
	GlobalSection(ProjectConfigurationPlatforms) = postSolution
		{3AAE7A7F-D1C8-458B-AC1D-D979B2429C8E}.Debug|Any CPU.ActiveCfg = Debug|Any CPU
		{3AAE7A7F-D1C8-458B-AC1D-D979B2429C8E}.Debug|Any CPU.Build.0 = Debug|Any CPU
		{3AAE7A7F-D1C8-458B-AC1D-D979B2429C8E}.Release|Any CPU.ActiveCfg = Release|Any CPU
		{3AAE7A7F-D1C8-458B-AC1D-D979B2429C8E}.Release|Any CPU.Build.0 = Release|Any CPU
	EndGlobalSection
	GlobalSection(SolutionProperties) = preSolution
		HideSolutionNode = FALSE
	EndGlobalSection
	GlobalSection(ExtensibilityGlobals) = postSolution
		SolutionGuid = {AD9B333B-936B-4C0A-98B1-73CD12461413}
	EndGlobalSection
EndGlobal
